
Microsoft Visual Studio Solution File, Format Version 12.00
# Visual Studio Version 17
VisualStudioVersion = 17.6.33815.320
MinimumVisualStudioVersion = 10.0.40219.1
Project("{FAE04EC0-301F-11D3-BF4B-00C04F79EFBC}") = "Unity data structure base", "Unity data structure base.csproj", "{119CD613-670A-4B46-9C04-F4096670B037}"
EndProject
Global
	GlobalSection(SolutionConfigurationPlatforms) = preSolution
		Debug|Any CPU = Debug|Any CPU
		Release|Any CPU = Release|Any CPU
	EndGlobalSection
	GlobalSection(ProjectConfigurationPlatforms) = postSolution
		{119CD613-670A-4B46-9C04-F4096670B037}.Debug|Any CPU.ActiveCfg = Debug|Any CPU
		{119CD613-670A-4B46-9C04-F4096670B037}.Debug|Any CPU.Build.0 = Debug|Any CPU
		{119CD613-670A-4B46-9C04-F4096670B037}.Release|Any CPU.ActiveCfg = Release|Any CPU
		{119CD613-670A-4B46-9C04-F4096670B037}.Release|Any CPU.Build.0 = Release|Any CPU
	EndGlobalSection
	GlobalSection(SolutionProperties) = preSolution
		HideSolutionNode = FALSE
	EndGlobalSection
	GlobalSection(ExtensibilityGlobals) = postSolution
		SolutionGuid = {8A441A5C-F402-447C-A6B4-E7A46CABBFFC}
	EndGlobalSection
EndGlobal
